
Microsoft Visual Studio Solution File, Format Version 11.00
# Visual Studio 2010
Project("{FAE04EC0-301F-11D3-BF4B-00C04F79EFBC}") = "DAL", "DAL\DAL.csproj", "{036A271C-9082-46C8-9B93-012E214C7B82}"
EndProject
Project("{FAE04EC0-301F-11D3-BF4B-00C04F79EFBC}") = "Web", "Web\Web.csproj", "{7CBF8554-6C74-4559-A30C-509A8A56CC70}"
EndProject
Global
	GlobalSection(SolutionConfigurationPlatforms) = preSolution
		Debug|Any CPU = Debug|Any CPU
		Release|Any CPU = Release|Any CPU
	EndGlobalSection
	GlobalSection(ProjectConfigurationPlatforms) = postSolution
		{036A271C-9082-46C8-9B93-012E214C7B82}.Debug|Any CPU.ActiveCfg = Debug|Any CPU
		{036A271C-9082-46C8-9B93-012E214C7B82}.Debug|Any CPU.Build.0 = Debug|Any CPU
		{036A271C-9082-46C8-9B93-012E214C7B82}.Release|Any CPU.ActiveCfg = Release|Any CPU
		{036A271C-9082-46C8-9B93-012E214C7B82}.Release|Any CPU.Build.0 = Release|Any CPU
		{7CBF8554-6C74-4559-A30C-509A8A56CC70}.Debug|Any CPU.ActiveCfg = Debug|Any CPU
		{7CBF8554-6C74-4559-A30C-509A8A56CC70}.Debug|Any CPU.Build.0 = Debug|Any CPU
		{7CBF8554-6C74-4559-A30C-509A8A56CC70}.Release|Any CPU.ActiveCfg = Release|Any CPU
		{7CBF8554-6C74-4559-A30C-509A8A56CC70}.Release|Any CPU.Build.0 = Release|Any CPU
	EndGlobalSection
	GlobalSection(SolutionProperties) = preSolution
		HideSolutionNode = FALSE
	EndGlobalSection
EndGlobal
